Acquiring state lock. This may take a few moments...
[0m[1mgoogle_project_iam_member.compute_sa_editor: Refreshing state... [id=wazepolicescrapergcp/roles/editor/serviceAccount:807773831037-compute@developer.gserviceaccount.com][0m
[0m[1mdata.google_project.current: Reading...[0m[0m
[0m[1mmodule.firestore_database.google_firestore_database.database: Refreshing state... [id=projects/wazepolicescrapergcp/databases/(default)][0m
[0m[1mmodule.scraper_registry.google_artifact_registry_repository.repository: Refreshing state... [id=projects/wazepolicescrapergcp/locations/us-central1/repositories/scraper-service][0m
[0m[1mmodule.alerts_registry.google_artifact_registry_repository.repository: Refreshing state... [id=projects/wazepolicescrapergcp/locations/us-central1/repositories/alerts-service][0m
[0m[1mmodule.archive_registry.google_artifact_registry_repository.repository: Refreshing state... [id=projects/wazepolicescrapergcp/locations/us-central1/repositories/archive-service][0m
[0m[1mmodule.github_actions_sa.data.google_service_account.existing[0]: Reading...[0m[0m
[0m[1mmodule.bigquery_dataset.google_bigquery_dataset.dataset: Refreshing state... [id=projects/wazepolicescrapergcp/datasets/policeAlertDataset][0m
[0m[1mmodule.archive_bucket.google_storage_bucket.bucket: Refreshing state... [id=wazepolicescrapergcp-archive][0m
[0m[1mmodule.firebase_adminsdk_sa.data.google_service_account.existing[0]: Reading...[0m[0m
[0m[1mmodule.scraper_service.google_cloud_run_v2_service.service: Refreshing state... [id=projects/wazepolicescrapergcp/locations/us-central1/services/scraper-service][0m
[0m[1mmodule.github_actions_sa.data.google_service_account.existing[0]: Read complete after 1s [id=projects/wazepolicescrapergcp/serviceAccounts/github-actions-runner@wazepolicescrapergcp.iam.gserviceaccount.com][0m
[0m[1mmodule.alerts_service.google_cloud_run_v2_service.service: Refreshing state... [id=projects/wazepolicescrapergcp/locations/us-central1/services/alerts-service][0m
[0m[1mmodule.archive_service.google_cloud_run_v2_service.service: Refreshing state... [id=projects/wazepolicescrapergcp/locations/us-central1/services/archive-service][0m
[0m[1mmodule.github_actions_sa.google_project_iam_member.project_roles["roles/storage.objectAdmin"]: Refreshing state... [id=wazepolicescrapergcp/roles/storage.objectAdmin/serviceAccount:github-actions-runner@wazepolicescrapergcp.iam.gserviceaccount.com][0m
[0m[1mmodule.github_actions_sa.google_project_iam_member.project_roles["roles/artifactregistry.writer"]: Refreshing state... [id=wazepolicescrapergcp/roles/artifactregistry.writer/serviceAccount:github-actions-runner@wazepolicescrapergcp.iam.gserviceaccount.com][0m
[0m[1mmodule.firebase_adminsdk_sa.data.google_service_account.existing[0]: Read complete after 2s [id=projects/wazepolicescrapergcp/serviceAccounts/firebase-adminsdk-fbsvc@wazepolicescrapergcp.iam.gserviceaccount.com][0m
[0m[1mmodule.github_actions_sa.google_project_iam_member.project_roles["roles/run.admin"]: Refreshing state... [id=wazepolicescrapergcp/roles/run.admin/serviceAccount:github-actions-runner@wazepolicescrapergcp.iam.gserviceaccount.com][0m
[0m[1mgoogle_storage_bucket_iam_member.github_actions_state_access: Refreshing state... [id=b/wazepolicescrapergcp-terraform-state/roles/storage.objectAdmin/serviceAccount:github-actions-runner@wazepolicescrapergcp.iam.gserviceaccount.com][0m
[0m[1mmodule.firebase_adminsdk_sa.google_project_iam_member.project_roles["roles/firebaseauth.admin"]: Refreshing state... [id=wazepolicescrapergcp/roles/firebaseauth.admin/serviceAccount:firebase-adminsdk-fbsvc@wazepolicescrapergcp.iam.gserviceaccount.com][0m
[0m[1mmodule.firebase_adminsdk_sa.google_project_iam_member.project_roles["roles/firebase.sdkAdminServiceAgent"]: Refreshing state... [id=wazepolicescrapergcp/roles/firebase.sdkAdminServiceAgent/serviceAccount:firebase-adminsdk-fbsvc@wazepolicescrapergcp.iam.gserviceaccount.com][0m
[0m[1mmodule.firebase_adminsdk_sa.google_project_iam_member.project_roles["roles/iam.serviceAccountTokenCreator"]: Refreshing state... [id=wazepolicescrapergcp/roles/iam.serviceAccountTokenCreator/serviceAccount:firebase-adminsdk-fbsvc@wazepolicescrapergcp.iam.gserviceaccount.com][0m
[0m[1mmodule.archive_scheduler.google_cloud_scheduler_job.job: Refreshing state... [id=projects/wazepolicescrapergcp/locations/us-central1/jobs/archive-police-alerts][0m
[0m[1mmodule.scraper_scheduler.google_cloud_scheduler_job.job: Refreshing state... [id=projects/wazepolicescrapergcp/locations/us-central1/jobs/call-scraper][0m
[0m[1mmodule.alerts_service.google_cloud_run_v2_service_iam_member.public_access[0]: Refreshing state... [id=projects/wazepolicescrapergcp/locations/us-central1/services/alerts-service/roles/run.invoker/allUsers][0m
[0m[1mdata.google_project.current: Read complete after 3s [id=projects/wazepolicescrapergcp][0m

Terraform used the selected providers to generate the following execution
plan. Resource actions are indicated with the following symbols:
  [32m+[0m create[0m
  [33m~[0m update in-place[0m
  [31m-[0m destroy[0m

Terraform will perform the following actions:

[1m  # google_project_iam_audit_config.bigquery_audit[0m will be created
[0m  [32m+[0m[0m resource "google_project_iam_audit_config" "bigquery_audit" {
      [32m+[0m[0m etag    = (known after apply)
      [32m+[0m[0m id      = (known after apply)
      [32m+[0m[0m project = "wazepolicescrapergcp"
      [32m+[0m[0m service = "bigquery.googleapis.com"

      [32m+[0m[0m audit_log_config {
          [32m+[0m[0m exempted_members = []
          [32m+[0m[0m log_type         = "DATA_READ"
        }
      [32m+[0m[0m audit_log_config {
          [32m+[0m[0m exempted_members = []
          [32m+[0m[0m log_type         = "DATA_WRITE"
        }
    }

[1m  # google_project_iam_audit_config.firestore_audit[0m will be created
[0m  [32m+[0m[0m resource "google_project_iam_audit_config" "firestore_audit" {
      [32m+[0m[0m etag    = (known after apply)
      [32m+[0m[0m id      = (known after apply)
      [32m+[0m[0m project = "wazepolicescrapergcp"
      [32m+[0m[0m service = "datastore.googleapis.com"

      [32m+[0m[0m audit_log_config {
          [32m+[0m[0m exempted_members = []
          [32m+[0m[0m log_type         = "DATA_READ"
        }
      [32m+[0m[0m audit_log_config {
          [32m+[0m[0m exempted_members = []
          [32m+[0m[0m log_type         = "DATA_WRITE"
        }
    }

[1m  # google_project_iam_audit_config.storage_audit[0m will be created
[0m  [32m+[0m[0m resource "google_project_iam_audit_config" "storage_audit" {
      [32m+[0m[0m etag    = (known after apply)
      [32m+[0m[0m id      = (known after apply)
      [32m+[0m[0m project = "wazepolicescrapergcp"
      [32m+[0m[0m service = "storage.googleapis.com"

      [32m+[0m[0m audit_log_config {
          [32m+[0m[0m exempted_members = []
          [32m+[0m[0m log_type         = "DATA_READ"
        }
      [32m+[0m[0m audit_log_config {
          [32m+[0m[0m exempted_members = []
          [32m+[0m[0m log_type         = "DATA_WRITE"
        }
    }

[1m  # google_project_iam_member.compute_sa_editor[0m will be [1m[31mdestroyed[0m
  # (because google_project_iam_member.compute_sa_editor is not in configuration)
[0m  [31m-[0m[0m resource "google_project_iam_member" "compute_sa_editor" {
      [31m-[0m[0m etag    = "BwZF1bGh7fU=" [90m-> null[0m[0m
      [31m-[0m[0m id      = "wazepolicescrapergcp/roles/editor/serviceAccount:807773831037-compute@developer.gserviceaccount.com" [90m-> null[0m[0m
      [31m-[0m[0m member  = "serviceAccount:807773831037-compute@developer.gserviceaccount.com" [90m-> null[0m[0m
      [31m-[0m[0m project = "wazepolicescrapergcp" [90m-> null[0m[0m
      [31m-[0m[0m role    = "roles/editor" [90m-> null[0m[0m
    }

[1m  # google_project_iam_member.scheduler_invoker_archive[0m will be created
[0m  [32m+[0m[0m resource "google_project_iam_member" "scheduler_invoker_archive" {
      [32m+[0m[0m etag    = (known after apply)
      [32m+[0m[0m id      = (known after apply)
      [32m+[0m[0m member  = "serviceAccount:archive-sa@wazepolicescrapergcp.iam.gserviceaccount.com"
      [32m+[0m[0m project = "wazepolicescrapergcp"
      [32m+[0m[0m role    = "roles/run.invoker"
    }

[1m  # google_project_iam_member.scheduler_invoker_scraper[0m will be created
[0m  [32m+[0m[0m resource "google_project_iam_member" "scheduler_invoker_scraper" {
      [32m+[0m[0m etag    = (known after apply)
      [32m+[0m[0m id      = (known after apply)
      [32m+[0m[0m member  = "serviceAccount:scraper-sa@wazepolicescrapergcp.iam.gserviceaccount.com"
      [32m+[0m[0m project = "wazepolicescrapergcp"
      [32m+[0m[0m role    = "roles/run.invoker"
    }

[1m  # google_service_account_iam_member.github_actions_impersonate_alerts[0m will be created
[0m  [32m+[0m[0m resource "google_service_account_iam_member" "github_actions_impersonate_alerts" {
      [32m+[0m[0m etag               = (known after apply)
      [32m+[0m[0m id                 = (known after apply)
      [32m+[0m[0m member             = "serviceAccount:github-actions-runner@wazepolicescrapergcp.iam.gserviceaccount.com"
      [32m+[0m[0m role               = "roles/iam.serviceAccountUser"
      [32m+[0m[0m service_account_id = (known after apply)
    }

[1m  # google_service_account_iam_member.github_actions_impersonate_archive[0m will be created
[0m  [32m+[0m[0m resource "google_service_account_iam_member" "github_actions_impersonate_archive" {
      [32m+[0m[0m etag               = (known after apply)
      [32m+[0m[0m id                 = (known after apply)
      [32m+[0m[0m member             = "serviceAccount:github-actions-runner@wazepolicescrapergcp.iam.gserviceaccount.com"
      [32m+[0m[0m role               = "roles/iam.serviceAccountUser"
      [32m+[0m[0m service_account_id = (known after apply)
    }

[1m  # google_service_account_iam_member.github_actions_impersonate_scraper[0m will be created
[0m  [32m+[0m[0m resource "google_service_account_iam_member" "github_actions_impersonate_scraper" {
      [32m+[0m[0m etag               = (known after apply)
      [32m+[0m[0m id                 = (known after apply)
      [32m+[0m[0m member             = "serviceAccount:github-actions-runner@wazepolicescrapergcp.iam.gserviceaccount.com"
      [32m+[0m[0m role               = "roles/iam.serviceAccountUser"
      [32m+[0m[0m service_account_id = (known after apply)
    }

[1m  # module.alerts_service.google_cloud_run_v2_service.service[0m will be updated in-place
[0m  [33m~[0m[0m resource "google_cloud_run_v2_service" "service" {
        id                      = "projects/wazepolicescrapergcp/locations/us-central1/services/alerts-service"
        name                    = "alerts-service"
        [90m# (33 unchanged attributes hidden)[0m[0m

      [33m~[0m[0m template {
          [33m~[0m[0m service_account                  = "807773831037-compute@developer.gserviceaccount.com" [33m->[0m[0m "alerts-sa@wazepolicescrapergcp.iam.gserviceaccount.com"
            [90m# (9 unchanged attributes hidden)[0m[0m

            [90m# (2 unchanged blocks hidden)[0m[0m
        }

        [90m# (1 unchanged block hidden)[0m[0m
    }

[1m  # module.alerts_service_account.google_project_iam_member.project_roles["roles/datastore.viewer"][0m will be created
[0m  [32m+[0m[0m resource "google_project_iam_member" "project_roles" {
      [32m+[0m[0m etag    = (known after apply)
      [32m+[0m[0m id      = (known after apply)
      [32m+[0m[0m member  = "serviceAccount:alerts-sa@wazepolicescrapergcp.iam.gserviceaccount.com"
      [32m+[0m[0m project = "wazepolicescrapergcp"
      [32m+[0m[0m role    = "roles/datastore.viewer"
    }

[1m  # module.alerts_service_account.google_project_iam_member.project_roles["roles/storage.objectViewer"][0m will be created
[0m  [32m+[0m[0m resource "google_project_iam_member" "project_roles" {
      [32m+[0m[0m etag    = (known after apply)
      [32m+[0m[0m id      = (known after apply)
      [32m+[0m[0m member  = "serviceAccount:alerts-sa@wazepolicescrapergcp.iam.gserviceaccount.com"
      [32m+[0m[0m project = "wazepolicescrapergcp"
      [32m+[0m[0m role    = "roles/storage.objectViewer"
    }

[1m  # module.alerts_service_account.google_service_account.service_account[0][0m will be created
[0m  [32m+[0m[0m resource "google_service_account" "service_account" {
      [32m+[0m[0m account_id   = "alerts-sa"
      [32m+[0m[0m description  = "Service account for alerts-service with read access to Firestore and GCS"
      [32m+[0m[0m disabled     = false
      [32m+[0m[0m display_name = "Alerts Service"
      [32m+[0m[0m email        = "alerts-sa@wazepolicescrapergcp.iam.gserviceaccount.com"
      [32m+[0m[0m id           = (known after apply)
      [32m+[0m[0m member       = "serviceAccount:alerts-sa@wazepolicescrapergcp.iam.gserviceaccount.com"
      [32m+[0m[0m name         = (known after apply)
      [32m+[0m[0m project      = "wazepolicescrapergcp"
      [32m+[0m[0m unique_id    = (known after apply)
    }

[1m  # module.archive_bucket.google_storage_bucket.bucket[0m will be updated in-place
[0m  [33m~[0m[0m resource "google_storage_bucket" "bucket" {
        id                          = "wazepolicescrapergcp-archive"
        name                        = "wazepolicescrapergcp-archive"
      [33m~[0m[0m public_access_prevention    = "inherited" [33m->[0m[0m "enforced"
        [90m# (17 unchanged attributes hidden)[0m[0m

        [90m# (2 unchanged blocks hidden)[0m[0m
    }

[1m  # module.archive_scheduler.google_cloud_scheduler_job.job[0m will be updated in-place
[0m  [33m~[0m[0m resource "google_cloud_scheduler_job" "job" {
        id               = "projects/wazepolicescrapergcp/locations/us-central1/jobs/archive-police-alerts"
        name             = "archive-police-alerts"
        [90m# (8 unchanged attributes hidden)[0m[0m

      [33m~[0m[0m http_target {
            [90m# (4 unchanged attributes hidden)[0m[0m

          [33m~[0m[0m oidc_token {
              [33m~[0m[0m service_account_email = "807773831037-compute@developer.gserviceaccount.com" [33m->[0m[0m "archive-sa@wazepolicescrapergcp.iam.gserviceaccount.com"
                [90m# (1 unchanged attribute hidden)[0m[0m
            }
        }

        [90m# (1 unchanged block hidden)[0m[0m
    }

[1m  # module.archive_service.google_cloud_run_v2_service.service[0m will be updated in-place
[0m  [33m~[0m[0m resource "google_cloud_run_v2_service" "service" {
        id                      = "projects/wazepolicescrapergcp/locations/us-central1/services/archive-service"
        name                    = "archive-service"
        [90m# (33 unchanged attributes hidden)[0m[0m

      [33m~[0m[0m template {
          [33m~[0m[0m service_account                  = "807773831037-compute@developer.gserviceaccount.com" [33m->[0m[0m "archive-sa@wazepolicescrapergcp.iam.gserviceaccount.com"
            [90m# (9 unchanged attributes hidden)[0m[0m

            [90m# (2 unchanged blocks hidden)[0m[0m
        }

        [90m# (1 unchanged block hidden)[0m[0m
    }

[1m  # module.archive_service_account.google_project_iam_member.project_roles["roles/datastore.user"][0m will be created
[0m  [32m+[0m[0m resource "google_project_iam_member" "project_roles" {
      [32m+[0m[0m etag    = (known after apply)
      [32m+[0m[0m id      = (known after apply)
      [32m+[0m[0m member  = "serviceAccount:archive-sa@wazepolicescrapergcp.iam.gserviceaccount.com"
      [32m+[0m[0m project = "wazepolicescrapergcp"
      [32m+[0m[0m role    = "roles/datastore.user"
    }

[1m  # module.archive_service_account.google_project_iam_member.project_roles["roles/storage.objectCreator"][0m will be created
[0m  [32m+[0m[0m resource "google_project_iam_member" "project_roles" {
      [32m+[0m[0m etag    = (known after apply)
      [32m+[0m[0m id      = (known after apply)
      [32m+[0m[0m member  = "serviceAccount:archive-sa@wazepolicescrapergcp.iam.gserviceaccount.com"
      [32m+[0m[0m project = "wazepolicescrapergcp"
      [32m+[0m[0m role    = "roles/storage.objectCreator"
    }

[1m  # module.archive_service_account.google_service_account.service_account[0][0m will be created
[0m  [32m+[0m[0m resource "google_service_account" "service_account" {
      [32m+[0m[0m account_id   = "archive-sa"
      [32m+[0m[0m description  = "Service account for archive-service with Firestore read and GCS write access"
      [32m+[0m[0m disabled     = false
      [32m+[0m[0m display_name = "Archive Service"
      [32m+[0m[0m email        = "archive-sa@wazepolicescrapergcp.iam.gserviceaccount.com"
      [32m+[0m[0m id           = (known after apply)
      [32m+[0m[0m member       = "serviceAccount:archive-sa@wazepolicescrapergcp.iam.gserviceaccount.com"
      [32m+[0m[0m name         = (known after apply)
      [32m+[0m[0m project      = "wazepolicescrapergcp"
      [32m+[0m[0m unique_id    = (known after apply)
    }

[1m  # module.firebase_adminsdk_sa.google_project_iam_member.project_roles["roles/firebaseauth.admin"][0m will be [1m[31mdestroyed[0m
  # (because key ["roles/firebaseauth.admin"] is not in for_each map)
[0m  [31m-[0m[0m resource "google_project_iam_member" "project_roles" {
      [31m-[0m[0m etag    = "BwZF1bGh7fU=" [90m-> null[0m[0m
      [31m-[0m[0m id      = "wazepolicescrapergcp/roles/firebaseauth.admin/serviceAccount:firebase-adminsdk-fbsvc@wazepolicescrapergcp.iam.gserviceaccount.com" [90m-> null[0m[0m
      [31m-[0m[0m member  = "serviceAccount:firebase-adminsdk-fbsvc@wazepolicescrapergcp.iam.gserviceaccount.com" [90m-> null[0m[0m
      [31m-[0m[0m project = "wazepolicescrapergcp" [90m-> null[0m[0m
      [31m-[0m[0m role    = "roles/firebaseauth.admin" [90m-> null[0m[0m
    }

[1m  # module.github_actions_sa.google_project_iam_member.project_roles["roles/run.admin"][0m will be [1m[31mdestroyed[0m
  # (because key ["roles/run.admin"] is not in for_each map)
[0m  [31m-[0m[0m resource "google_project_iam_member" "project_roles" {
      [31m-[0m[0m etag    = "BwZF1bGh7fU=" [90m-> null[0m[0m
      [31m-[0m[0m id      = "wazepolicescrapergcp/roles/run.admin/serviceAccount:github-actions-runner@wazepolicescrapergcp.iam.gserviceaccount.com" [90m-> null[0m[0m
      [31m-[0m[0m member  = "serviceAccount:github-actions-runner@wazepolicescrapergcp.iam.gserviceaccount.com" [90m-> null[0m[0m
      [31m-[0m[0m project = "wazepolicescrapergcp" [90m-> null[0m[0m
      [31m-[0m[0m role    = "roles/run.admin" [90m-> null[0m[0m
    }

[1m  # module.github_actions_sa.google_project_iam_member.project_roles["roles/run.developer"][0m will be created
[0m  [32m+[0m[0m resource "google_project_iam_member" "project_roles" {
      [32m+[0m[0m etag    = (known after apply)
      [32m+[0m[0m id      = (known after apply)
      [32m+[0m[0m member  = "serviceAccount:github-actions-runner@wazepolicescrapergcp.iam.gserviceaccount.com"
      [32m+[0m[0m project = "wazepolicescrapergcp"
      [32m+[0m[0m role    = "roles/run.developer"
    }

[1m  # module.scraper_scheduler.google_cloud_scheduler_job.job[0m will be updated in-place
[0m  [33m~[0m[0m resource "google_cloud_scheduler_job" "job" {
        id               = "projects/wazepolicescrapergcp/locations/us-central1/jobs/call-scraper"
        name             = "call-scraper"
        [90m# (8 unchanged attributes hidden)[0m[0m

      [33m~[0m[0m http_target {
            [90m# (4 unchanged attributes hidden)[0m[0m

          [32m+[0m[0m oidc_token {
              [32m+[0m[0m audience              = "https://scraper-service-u6cjbro2iq-uc.a.run.app"
              [32m+[0m[0m service_account_email = "scraper-sa@wazepolicescrapergcp.iam.gserviceaccount.com"
            }
        }

        [90m# (1 unchanged block hidden)[0m[0m
    }

[1m  # module.scraper_service.google_cloud_run_v2_service.service[0m will be updated in-place
[0m  [33m~[0m[0m resource "google_cloud_run_v2_service" "service" {
        id                      = "projects/wazepolicescrapergcp/locations/us-central1/services/scraper-service"
        name                    = "scraper-service"
        [90m# (33 unchanged attributes hidden)[0m[0m

      [33m~[0m[0m template {
          [33m~[0m[0m service_account                  = "807773831037-compute@developer.gserviceaccount.com" [33m->[0m[0m "scraper-sa@wazepolicescrapergcp.iam.gserviceaccount.com"
            [90m# (9 unchanged attributes hidden)[0m[0m

            [90m# (2 unchanged blocks hidden)[0m[0m
        }

        [90m# (1 unchanged block hidden)[0m[0m
    }

[1m  # module.scraper_service_account.google_project_iam_member.project_roles["roles/datastore.user"][0m will be created
[0m  [32m+[0m[0m resource "google_project_iam_member" "project_roles" {
      [32m+[0m[0m etag    = (known after apply)
      [32m+[0m[0m id      = (known after apply)
      [32m+[0m[0m member  = "serviceAccount:scraper-sa@wazepolicescrapergcp.iam.gserviceaccount.com"
      [32m+[0m[0m project = "wazepolicescrapergcp"
      [32m+[0m[0m role    = "roles/datastore.user"
    }

[1m  # module.scraper_service_account.google_service_account.service_account[0][0m will be created
[0m  [32m+[0m[0m resource "google_service_account" "service_account" {
      [32m+[0m[0m account_id   = "scraper-sa"
      [32m+[0m[0m description  = "Service account for scraper-service with write access to Firestore"
      [32m+[0m[0m disabled     = false
      [32m+[0m[0m display_name = "Scraper Service"
      [32m+[0m[0m email        = "scraper-sa@wazepolicescrapergcp.iam.gserviceaccount.com"
      [32m+[0m[0m id           = (known after apply)
      [32m+[0m[0m member       = "serviceAccount:scraper-sa@wazepolicescrapergcp.iam.gserviceaccount.com"
      [32m+[0m[0m name         = (known after apply)
      [32m+[0m[0m project      = "wazepolicescrapergcp"
      [32m+[0m[0m unique_id    = (known after apply)
    }

[1mPlan:[0m [0m17 to add, 6 to change, 3 to destroy.
[90m
─────────────────────────────────────────────────────────────────────────────[0m

Saved the plan to: tfplan

To perform exactly these actions, run the following command to apply:
    terraform apply "tfplan"
